// !$*UTF8*$!
{
	archiveVersion = 1;
	classes = {
	};
	objectVersion = 46;
	objects = {

/* Begin PBXBuildFile section */
		88A503D914E0AAEE002A5976 /* UIKit.framework in Frameworks */ = {isa = PBXBuildFile; fileRef = 88A503D814E0AAEE002A5976 /* UIKit.framework */; };
		88A503DB14E0AAEE002A5976 /* Foundation.framework in Frameworks */ = {isa = PBXBuildFile; fileRef = 88A503DA14E0AAEE002A5976 /* Foundation.framework */; };
		88A503DD14E0AAEE002A5976 /* CoreGraphics.framework in Frameworks */ = {isa = PBXBuildFile; fileRef = 88A503DC14E0AAEE002A5976 /* CoreGraphics.framework */; };
		88A503E314E0AAEE002A5976 /* InfoPlist.strings in Resources */ = {isa = PBXBuildFile; fileRef = 88A503E114E0AAEE002A5976 /* InfoPlist.strings */; };
		88A503E514E0AAEE002A5976 /* main.m in Sources */ = {isa = PBXBuildFile; fileRef = 88A503E414E0AAEE002A5976 /* main.m */; };
		88A503E914E0AAEE002A5976 /* AppDelegate.m in Sources */ = {isa = PBXBuildFile; fileRef = 88A503E814E0AAEE002A5976 /* AppDelegate.m */; };
		88A503EC14E0AAEE002A5976 /* MainStoryboard.storyboard in Resources */ = {isa = PBXBuildFile; fileRef = 88A503EA14E0AAEE002A5976 /* MainStoryboard.storyboard */; };
		88A503EF14E0AAEE002A5976 /* ViewController.m in Sources */ = {isa = PBXBuildFile; fileRef = 88A503EE14E0AAEE002A5976 /* ViewController.m */; };
		88A503F714E0AAEE002A5976 /* SenTestingKit.framework in Frameworks */ = {isa = PBXBuildFile; fileRef = 88A503F614E0AAEE002A5976 /* SenTestingKit.framework */; };
		88A503F814E0AAEE002A5976 /* UIKit.framework in Frameworks */ = {isa = PBXBuildFile; fileRef = 88A503D814E0AAEE002A5976 /* UIKit.framework */; };
		88A503F914E0AAEE002A5976 /* Foundation.framework in Frameworks */ = {isa = PBXBuildFile; fileRef = 88A503DA14E0AAEE002A5976 /* Foundation.framework */; };
		88A5040114E0AAEE002A5976 /* InfoPlist.strings in Resources */ = {isa = PBXBuildFile; fileRef = 88A503FF14E0AAEE002A5976 /* InfoPlist.strings */; };
		88A5040414E0AAEE002A5976 /* BrowserTests.m in Sources */ = {isa = PBXBuildFile; fileRef = 88A5040314E0AAEE002A5976 /* BrowserTests.m */; };
/* End PBXBuildFile section */

/* Begin PBXContainerItemProxy section */
		88A503FA14E0AAEE002A5976 /* PBXContainerItemProxy */ = {
			isa = PBXContainerItemProxy;
			containerPortal = 88A503CB14E0AAEE002A5976 /* Project object */;
			proxyType = 1;
			remoteGlobalIDString = 88A503D314E0AAEE002A5976;
			remoteInfo = Browser;
		};
/* End PBXContainerItemProxy section */

/* Begin PBXFileReference section */
		88A503D414E0AAEE002A5976 /* Browser.app */ = {isa = PBXFileReference; explicitFileType = wrapper.application; includeInIndex = 0; path = Browser.app; sourceTree = BUILT_PRODUCTS_DIR; };
		88A503D814E0AAEE002A5976 /* UIKit.framework */ = {isa = PBXFileReference; lastKnownFileType = wrapper.framework; name = UIKit.framework; path = System/Library/Frameworks/UIKit.framework; sourceTree = SDKROOT; };
		88A503DA14E0AAEE002A5976 /* Foundation.framework */ = {isa = PBXFileReference; lastKnownFileType = wrapper.framework; name = Foundation.framework; path = System/Library/Frameworks/Foundation.framework; sourceTree = SDKROOT; };
		88A503DC14E0AAEE002A5976 /* CoreGraphics.framework */ = {isa = PBXFileReference; lastKnownFileType = wrapper.framework; name = CoreGraphics.framework; path = System/Library/Frameworks/CoreGraphics.framework; sourceTree = SDKROOT; };
		88A503E014E0AAEE002A5976 /* Browser-Info.plist */ = {isa = PBXFileReference; lastKnownFileType = text.plist.xml; path = "Browser-Info.plist"; sourceTree = "<group>"; };
		88A503E214E0AAEE002A5976 /* en */ = {isa = PBXFileReference; lastKnownFileType = text.plist.strings; name = en; path = en.lproj/InfoPlist.strings; sourceTree = "<group>"; };
		88A503E414E0AAEE002A5976 /* main.m */ = {isa = PBXFileReference; lastKnownFileType = sourcecode.c.objc; path = main.m; sourceTree = "<group>"; };
		88A503E614E0AAEE002A5976 /* Browser-Prefix.pch */ = {isa = PBXFileReference; lastKnownFileType = sourcecode.c.h; path = "Browser-Prefix.pch"; sourceTree = "<group>"; };
		88A503E714E0AAEE002A5976 /* AppDelegate.h */ = {isa = PBXFileReference; lastKnownFileType = sourcecode.c.h; path = AppDelegate.h; sourceTree = "<group>"; };
		88A503E814E0AAEE002A5976 /* AppDelegate.m */ = {isa = PBXFileReference; lastKnownFileType = sourcecode.c.objc; path = AppDelegate.m; sourceTree = "<group>"; };
		88A503EB14E0AAEE002A5976 /* en */ = {isa = PBXFileReference; lastKnownFileType = file.storyboard; name = en; path = en.lproj/MainStoryboard.storyboard; sourceTree = "<group>"; };
		88A503ED14E0AAEE002A5976 /* ViewController.h */ = {isa = PBXFileReference; lastKnownFileType = sourcecode.c.h; path = ViewController.h; sourceTree = "<group>"; };
		88A503EE14E0AAEE002A5976 /* ViewController.m */ = {isa = PBXFileReference; lastKnownFileType = sourcecode.c.objc; path = ViewController.m; sourceTree = "<group>"; };
		88A503F514E0AAEE002A5976 /* BrowserTests.octest */ = {isa = PBXFileReference; explicitFileType = wrapper.cfbundle; includeInIndex = 0; path = BrowserTests.octest; sourceTree = BUILT_PRODUCTS_DIR; };
		88A503F614E0AAEE002A5976 /* SenTestingKit.framework */ = {isa = PBXFileReference; lastKnownFileType = wrapper.framework; name = SenTestingKit.framework; path = Library/Frameworks/SenTestingKit.framework; sourceTree = DEVELOPER_DIR; };
		88A503FE14E0AAEE002A5976 /* BrowserTests-Info.plist */ = {isa = PBXFileReference; lastKnownFileType = text.plist.xml; path = "BrowserTests-Info.plist"; sourceTree = "<group>"; };
		88A5040014E0AAEE002A5976 /* en */ = {isa = PBXFileReference; lastKnownFileType = text.plist.strings; name = en; path = en.lproj/InfoPlist.strings; sourceTree = "<group>"; };
		88A5040214E0AAEE002A5976 /* BrowserTests.h */ = {isa = PBXFileReference; lastKnownFileType = sourcecode.c.h; path = BrowserTests.h; sourceTree = "<group>"; };
		88A5040314E0AAEE002A5976 /* BrowserTests.m */ = {isa = PBXFileReference; lastKnownFileType = sourcecode.c.objc; path = BrowserTests.m; sourceTree = "<group>"; };
/* End PBXFileReference section */

/* Begin PBXFrameworksBuildPhase section */
		88A503D114E0AAEE002A5976 /* Frameworks */ = {
			isa = PBXFrameworksBuildPhase;
			buildActionMask = 2147483647;
			files = (
				88A503D914E0AAEE002A5976 /* UIKit.framework in Frameworks */,
				88A503DB14E0AAEE002A5976 /* Foundation.framework in Frameworks */,
				88A503DD14E0AAEE002A5976 /* CoreGraphics.framework in Frameworks */,
			);
			runOnlyForDeploymentPostprocessing = 0;
		};
		88A503F114E0AAEE002A5976 /* Frameworks */ = {
			isa = PBXFrameworksBuildPhase;
			buildActionMask = 2147483647;
			files = (
				88A503F714E0AAEE002A5976 /* SenTestingKit.framework in Frameworks */,
				88A503F814E0AAEE002A5976 /* UIKit.framework in Frameworks */,
				88A503F914E0AAEE002A5976 /* Foundation.framework in Frameworks */,
			);
			runOnlyForDeploymentPostprocessing = 0;
		};
/* End PBXFrameworksBuildPhase section */

/* Begin PBXGroup section */
		88A503C914E0AAEE002A5976 = {
			isa = PBXGroup;
			children = (
				88A503DE14E0AAEE002A5976 /* Browser */,
				88A503FC14E0AAEE002A5976 /* BrowserTests */,
				88A503D714E0AAEE002A5976 /* Frameworks */,
				88A503D514E0AAEE002A5976 /* Products */,
			);
			sourceTree = "<group>";
		};
		88A503D514E0AAEE002A5976 /* Products */ = {
			isa = PBXGroup;
			children = (
				88A503D414E0AAEE002A5976 /* Browser.app */,
				88A503F514E0AAEE002A5976 /* BrowserTests.octest */,
			);
			name = Products;
			sourceTree = "<group>";
		};
		88A503D714E0AAEE002A5976 /* Frameworks */ = {
			isa = PBXGroup;
			children = (
				88A503D814E0AAEE002A5976 /* UIKit.framework */,
				88A503DA14E0AAEE002A5976 /* Foundation.framework */,
				88A503DC14E0AAEE002A5976 /* CoreGraphics.framework */,
				88A503F614E0AAEE002A5976 /* SenTestingKit.framework */,
			);
			name = Frameworks;
			sourceTree = "<group>";
		};
		88A503DE14E0AAEE002A5976 /* Browser */ = {
			isa = PBXGroup;
			children = (
				88A503E714E0AAEE002A5976 /* AppDelegate.h */,
				88A503E814E0AAEE002A5976 /* AppDelegate.m */,
				88A503EA14E0AAEE002A5976 /* MainStoryboard.storyboard */,
				88A503ED14E0AAEE002A5976 /* ViewController.h */,
				88A503EE14E0AAEE002A5976 /* ViewController.m */,
				88A503DF14E0AAEE002A5976 /* Supporting Files */,
			);
			path = Browser;
			sourceTree = "<group>";
		};
		88A503DF14E0AAEE002A5976 /* Supporting Files */ = {
			isa = PBXGroup;
			children = (
				88A503E014E0AAEE002A5976 /* Browser-Info.plist */,
				88A503E114E0AAEE002A5976 /* InfoPlist.strings */,
				88A503E414E0AAEE002A5976 /* main.m */,
				88A503E614E0AAEE002A5976 /* Browser-Prefix.pch */,
			);
			name = "Supporting Files";
			sourceTree = "<group>";
		};
		88A503FC14E0AAEE002A5976 /* BrowserTests */ = {
			isa = PBXGroup;
			children = (
				88A5040214E0AAEE002A5976 /* BrowserTests.h */,
				88A5040314E0AAEE002A5976 /* BrowserTests.m */,
				88A503FD14E0AAEE002A5976 /* Supporting Files */,
			);
			path = BrowserTests;
			sourceTree = "<group>";
		};
		88A503FD14E0AAEE002A5976 /* Supporting Files */ = {
			isa = PBXGroup;
			children = (
				88A503FE14E0AAEE002A5976 /* BrowserTests-Info.plist */,
				88A503FF14E0AAEE002A5976 /* InfoPlist.strings */,
			);
			name = "Supporting Files";
			sourceTree = "<group>";
		};
/* End PBXGroup section */

/* Begin PBXNativeTarget section */
		88A503D314E0AAEE002A5976 /* Browser */ = {
			isa = PBXNativeTarget;
			buildConfigurationList = 88A5040714E0AAEE002A5976 /* Build configuration list for PBXNativeTarget "Browser" */;
			buildPhases = (
				88A503D014E0AAEE002A5976 /* Sources */,
				88A503D114E0AAEE002A5976 /* Frameworks */,
				88A503D214E0AAEE002A5976 /* Resources */,
			);
			buildRules = (
			);
			dependencies = (
			);
			name = Browser;
			productName = Browser;
			productReference = 88A503D414E0AAEE002A5976 /* Browser.app */;
			productType = "com.apple.product-type.application";
		};
		88A503F414E0AAEE002A5976 /* BrowserTests */ = {
			isa = PBXNativeTarget;
			buildConfigurationList = 88A5040A14E0AAEE002A5976 /* Build configuration list for PBXNativeTarget "BrowserTests" */;
			buildPhases = (
				88A503F014E0AAEE002A5976 /* Sources */,
				88A503F114E0AAEE002A5976 /* Frameworks */,
				88A503F214E0AAEE002A5976 /* Resources */,
				88A503F314E0AAEE002A5976 /* ShellScript */,
			);
			buildRules = (
			);
			dependencies = (
				88A503FB14E0AAEE002A5976 /* PBXTargetDependency */,
			);
			name = BrowserTests;
			productName = BrowserTests;
			productReference = 88A503F514E0AAEE002A5976 /* BrowserTests.octest */;
			productType = "com.apple.product-type.bundle";
		};
/* End PBXNativeTarget section */

/* Begin PBXProject section */
		88A503CB14E0AAEE002A5976 /* Project object */ = {
			isa = PBXProject;
			attributes = {
				LastUpgradeCheck = 0420;
			};
			buildConfigurationList = 88A503CE14E0AAEE002A5976 /* Build configuration list for PBXProject "Browser" */;
			compatibilityVersion = "Xcode 3.2";
			developmentRegion = English;
			hasScannedForEncodings = 0;
			knownRegions = (
				en,
			);
			mainGroup = 88A503C914E0AAEE002A5976;
			productRefGroup = 88A503D514E0AAEE002A5976 /* Products */;
			projectDirPath = "";
			projectRoot = "";
			targets = (
				88A503D314E0AAEE002A5976 /* Browser */,
				88A503F414E0AAEE002A5976 /* BrowserTests */,
			);
		};
/* End PBXProject section */

/* Begin PBXResourcesBuildPhase section */
		88A503D214E0AAEE002A5976 /* Resources */ = {
			isa = PBXResourcesBuildPhase;
			buildActionMask = 2147483647;
			files = (
				88A503E314E0AAEE002A5976 /* InfoPlist.strings in Resources */,
				88A503EC14E0AAEE002A5976 /* MainStoryboard.storyboard in Resources */,
			);
			runOnlyForDeploymentPostprocessing = 0;
		};
		88A503F214E0AAEE002A5976 /* Resources */ = {
			isa = PBXResourcesBuildPhase;
			buildActionMask = 2147483647;
			files = (
				88A5040114E0AAEE002A5976 /* InfoPlist.strings in Resources */,
			);
			runOnlyForDeploymentPostprocessing = 0;
		};
/* End PBXResourcesBuildPhase section */

/* Begin PBXShellScriptBuildPhase section */
		88A503F314E0AAEE002A5976 /* ShellScript */ = {
			isa = PBXShellScriptBuildPhase;
			buildActionMask = 2147483647;
			files = (
			);
			inputPaths = (
			);
			outputPaths = (
			);
			runOnlyForDeploymentPostprocessing = 0;
			shellPath = /bin/sh;
			shellScript = "# Run the unit tests in this test bundle.\n\"${SYSTEM_DEVELOPER_DIR}/Tools/RunUnitTests\"\n";
		};
/* End PBXShellScriptBuildPhase section */

/* Begin PBXSourcesBuildPhase section */
		88A503D014E0AAEE002A5976 /* Sources */ = {
			isa = PBXSourcesBuildPhase;
			buildActionMask = 2147483647;
			files = (
				88A503E514E0AAEE002A5976 /* main.m in Sources */,
				88A503E914E0AAEE002A5976 /* AppDelegate.m in Sources */,
				88A503EF14E0AAEE002A5976 /* ViewController.m in Sources */,
			);
			runOnlyForDeploymentPostprocessing = 0;
		};
		88A503F014E0AAEE002A5976 /* Sources */ = {
			isa = PBXSourcesBuildPhase;
			buildActionMask = 2147483647;
			files = (
				88A5040414E0AAEE002A5976 /* BrowserTests.m in Sources */,
			);
			runOnlyForDeploymentPostprocessing = 0;
		};
/* End PBXSourcesBuildPhase section */

/* Begin PBXTargetDependency section */
		88A503FB14E0AAEE002A5976 /* PBXTargetDependency */ = {
			isa = PBXTargetDependency;
			target = 88A503D314E0AAEE002A5976 /* Browser */;
			targetProxy = 88A503FA14E0AAEE002A5976 /* PBXContainerItemProxy */;
		};
/* End PBXTargetDependency section */

/* Begin PBXVariantGroup section */
		88A503E114E0AAEE002A5976 /* InfoPlist.strings */ = {
			isa = PBXVariantGroup;
			children = (
				88A503E214E0AAEE002A5976 /* en */,
			);
			name = InfoPlist.strings;
			sourceTree = "<group>";
		};
		88A503EA14E0AAEE002A5976 /* MainStoryboard.storyboard */ = {
			isa = PBXVariantGroup;
			children = (
				88A503EB14E0AAEE002A5976 /* en */,
			);
			name = MainStoryboard.storyboard;
			sourceTree = "<group>";
		};
		88A503FF14E0AAEE002A5976 /* InfoPlist.strings */ = {
			isa = PBXVariantGroup;
			children = (
				88A5040014E0AAEE002A5976 /* en */,
			);
			name = InfoPlist.strings;
			sourceTree = "<group>";
		};
/* End PBXVariantGroup section */

/* Begin XCBuildConfiguration section */
		88A5040514E0AAEE002A5976 /* Debug */ = {
			isa = XCBuildConfiguration;
			buildSettings = {
				ALWAYS_SEARCH_USER_PATHS = NO;
				ARCHS = "$(ARCHS_STANDARD_32_BIT)";
				CLANG_ENABLE_OBJC_ARC = YES;
				"CODE_SIGN_IDENTITY[sdk=iphoneos*]" = "iPhone Developer";
				COPY_PHASE_STRIP = NO;
				GCC_C_LANGUAGE_STANDARD = gnu99;
				GCC_DYNAMIC_NO_PIC = NO;
				GCC_OPTIMIZATION_LEVEL = 0;
				GCC_PREPROCESSOR_DEFINITIONS = (
					"DEBUG=1",
					"$(inherited)",
				);
				GCC_SYMBOLS_PRIVATE_EXTERN = NO;
				GCC_VERSION = com.apple.compilers.llvm.clang.1_0;
				GCC_WARN_ABOUT_MISSING_PROTOTYPES = YES;
				GCC_WARN_ABOUT_RETURN_TYPE = YES;
				GCC_WARN_UNUSED_VARIABLE = YES;
				IPHONEOS_DEPLOYMENT_TARGET = 5.0;
				SDKROOT = iphoneos;
			};
			name = Debug;
		};
		88A5040614E0AAEE002A5976 /* Release */ = {
			isa = XCBuildConfiguration;
			buildSettings = {
				ALWAYS_SEARCH_USER_PATHS = NO;
				ARCHS = "$(ARCHS_STANDARD_32_BIT)";
				CLANG_ENABLE_OBJC_ARC = YES;
				"CODE_SIGN_IDENTITY[sdk=iphoneos*]" = "iPhone Developer";
				COPY_PHASE_STRIP = YES;
				GCC_C_LANGUAGE_STANDARD = gnu99;
				GCC_VERSION = com.apple.compilers.llvm.clang.1_0;
				GCC_WARN_ABOUT_MISSING_PROTOTYPES = YES;
				GCC_WARN_ABOUT_RETURN_TYPE = YES;
				GCC_WARN_UNUSED_VARIABLE = YES;
				IPHONEOS_DEPLOYMENT_TARGET = 5.0;
				OTHER_CFLAGS = "-DNS_BLOCK_ASSERTIONS=1";
				SDKROOT = iphoneos;
				VALIDATE_PRODUCT = YES;
			};
			name = Release;
		};
		88A5040814E0AAEE002A5976 /* Debug */ = {
			isa = XCBuildConfiguration;
			buildSettings = {
				GCC_PRECOMPILE_PREFIX_HEADER = YES;
				GCC_PREFIX_HEADER = "Browser/Browser-Prefix.pch";
				INFOPLIST_FILE = "Browser/Browser-Info.plist";
				PRODUCT_NAME = "$(TARGET_NAME)";
				WRAPPER_EXTENSION = app;
			};
			name = Debug;
		};
		88A5040914E0AAEE002A5976 /* Release */ = {
			isa = XCBuildConfiguration;
			buildSettings = {
				GCC_PRECOMPILE_PREFIX_HEADER = YES;
				GCC_PREFIX_HEADER = "Browser/Browser-Prefix.pch";
				INFOPLIST_FILE = "Browser/Browser-Info.plist";
				PRODUCT_NAME = "$(TARGET_NAME)";
				WRAPPER_EXTENSION = app;
			};
			name = Release;
		};
		88A5040B14E0AAEE002A5976 /* Debug */ = {
			isa = XCBuildConfiguration;
			buildSettings = {
				BUNDLE_LOADER = "$(BUILT_PRODUCTS_DIR)/Browser.app/Browser";
				FRAMEWORK_SEARCH_PATHS = (
					"$(SDKROOT)/Developer/Library/Frameworks",
					"$(DEVELOPER_LIBRARY_DIR)/Frameworks",
				);
				GCC_PRECOMPILE_PREFIX_HEADER = YES;
				GCC_PREFIX_HEADER = "Browser/Browser-Prefix.pch";
				INFOPLIST_FILE = "BrowserTests/BrowserTests-Info.plist";
				PRODUCT_NAME = "$(TARGET_NAME)";
				TEST_HOST = "$(BUNDLE_LOADER)";
				WRAPPER_EXTENSION = octest;
			};
			name = Debug;
		};
		88A5040C14E0AAEE002A5976 /* Release */ = {
			isa = XCBuildConfiguration;
			buildSettings = {
				BUNDLE_LOADER = "$(BUILT_PRODUCTS_DIR)/Browser.app/Browser";
				FRAMEWORK_SEARCH_PATHS = (
					"$(SDKROOT)/Developer/Library/Frameworks",
					"$(DEVELOPER_LIBRARY_DIR)/Frameworks",
				);
				GCC_PRECOMPILE_PREFIX_HEADER = YES;
				GCC_PREFIX_HEADER = "Browser/Browser-Prefix.pch";
				INFOPLIST_FILE = "BrowserTests/BrowserTests-Info.plist";
				PRODUCT_NAME = "$(TARGET_NAME)";
				TEST_HOST = "$(BUNDLE_LOADER)";
				WRAPPER_EXTENSION = octest;
			};
			name = Release;
		};
/* End XCBuildConfiguration section */

/* Begin XCConfigurationList section */
		88A503CE14E0AAEE002A5976 /* Build configuration list for PBXProject "Browser" */ = {
			isa = XCConfigurationList;
			buildConfigurations = (
				88A5040514E0AAEE002A5976 /* Debug */,
				88A5040614E0AAEE002A5976 /* Release */,
			);
			defaultConfigurationIsVisible = 0;
			defaultConfigurationName = Release;
		};
		88A5040714E0AAEE002A5976 /* Build configuration list for PBXNativeTarget "Browser" */ = {
			isa = XCConfigurationList;
			buildConfigurations = (
				88A5040814E0AAEE002A5976 /* Debug */,
				88A5040914E0AAEE002A5976 /* Release */,
			);
			defaultConfigurationIsVisible = 0;
		};
		88A5040A14E0AAEE002A5976 /* Build configuration list for PBXNativeTarget "BrowserTests" */ = {
			isa = XCConfigurationList;
			buildConfigurations = (
				88A5040B14E0AAEE002A5976 /* Debug */,
				88A5040C14E0AAEE002A5976 /* Release */,
			);
			defaultConfigurationIsVisible = 0;
		};
/* End XCConfigurationList section */
	};
	rootObject = 88A503CB14E0AAEE002A5976 /* Project object */;
}
