// !$*UTF8*$!
{
	archiveVersion = 1;
	classes = {
	};
	objectVersion = 46;
	objects = {

/* Begin PBXBuildFile section */
		8869942614F5B2BA00DFFA1B /* UIKit.framework in Frameworks */ = {isa = PBXBuildFile; fileRef = 8869942514F5B2BA00DFFA1B /* UIKit.framework */; };
		8869942814F5B2BA00DFFA1B /* Foundation.framework in Frameworks */ = {isa = PBXBuildFile; fileRef = 8869942714F5B2BA00DFFA1B /* Foundation.framework */; };
		8869942A14F5B2BA00DFFA1B /* CoreGraphics.framework in Frameworks */ = {isa = PBXBuildFile; fileRef = 8869942914F5B2BA00DFFA1B /* CoreGraphics.framework */; };
		8869942C14F5B2BA00DFFA1B /* CoreData.framework in Frameworks */ = {isa = PBXBuildFile; fileRef = 8869942B14F5B2BA00DFFA1B /* CoreData.framework */; };
		8869943214F5B2BA00DFFA1B /* InfoPlist.strings in Resources */ = {isa = PBXBuildFile; fileRef = 8869943014F5B2BA00DFFA1B /* InfoPlist.strings */; };
		8869943414F5B2BA00DFFA1B /* main.m in Sources */ = {isa = PBXBuildFile; fileRef = 8869943314F5B2BA00DFFA1B /* main.m */; };
		8869943814F5B2BA00DFFA1B /* AppDelegate.m in Sources */ = {isa = PBXBuildFile; fileRef = 8869943714F5B2BA00DFFA1B /* AppDelegate.m */; };
		8869943B14F5B2BA00DFFA1B /* MainStoryboard_iPhone.storyboard in Resources */ = {isa = PBXBuildFile; fileRef = 8869943914F5B2BA00DFFA1B /* MainStoryboard_iPhone.storyboard */; };
		8869943E14F5B2BA00DFFA1B /* MainStoryboard_iPad.storyboard in Resources */ = {isa = PBXBuildFile; fileRef = 8869943C14F5B2BA00DFFA1B /* MainStoryboard_iPad.storyboard */; };
		8869944414F5B2BA00DFFA1B /* MasterViewController.m in Sources */ = {isa = PBXBuildFile; fileRef = 8869944314F5B2BA00DFFA1B /* MasterViewController.m */; };
		8869944714F5B2BA00DFFA1B /* DetailViewController.m in Sources */ = {isa = PBXBuildFile; fileRef = 8869944614F5B2BA00DFFA1B /* DetailViewController.m */; };
		8869945514F5B89400DFFA1B /* TweetViewController.m in Sources */ = {isa = PBXBuildFile; fileRef = 8869945314F5B89400DFFA1B /* TweetViewController.m */; };
		8869945614F5B89400DFFA1B /* TweetViewController.xib in Resources */ = {isa = PBXBuildFile; fileRef = 8869945414F5B89400DFFA1B /* TweetViewController.xib */; };
		886994F114F7FEC000DFFA1B /* TwitterMap.xcdatamodeld in Sources */ = {isa = PBXBuildFile; fileRef = 886994EF14F7FEC000DFFA1B /* TwitterMap.xcdatamodeld */; };
		886994F414F804D100DFFA1B /* HashTag.m in Sources */ = {isa = PBXBuildFile; fileRef = 886994F314F804D100DFFA1B /* HashTag.m */; };
		886994F714F804D200DFFA1B /* Tweet.m in Sources */ = {isa = PBXBuildFile; fileRef = 886994F614F804D100DFFA1B /* Tweet.m */; };
		886994FA14F804D200DFFA1B /* TwitterUser.m in Sources */ = {isa = PBXBuildFile; fileRef = 886994F914F804D200DFFA1B /* TwitterUser.m */; };
		886994FC14F804EF00DFFA1B /* TwitterMap.sqlite in Resources */ = {isa = PBXBuildFile; fileRef = 886994FB14F804EF00DFFA1B /* TwitterMap.sqlite */; };
/* End PBXBuildFile section */

/* Begin PBXFileReference section */
		8869942114F5B2BA00DFFA1B /* Homework4.app */ = {isa = PBXFileReference; explicitFileType = wrapper.application; includeInIndex = 0; path = Homework4.app; sourceTree = BUILT_PRODUCTS_DIR; };
		8869942514F5B2BA00DFFA1B /* UIKit.framework */ = {isa = PBXFileReference; lastKnownFileType = wrapper.framework; name = UIKit.framework; path = System/Library/Frameworks/UIKit.framework; sourceTree = SDKROOT; };
		8869942714F5B2BA00DFFA1B /* Foundation.framework */ = {isa = PBXFileReference; lastKnownFileType = wrapper.framework; name = Foundation.framework; path = System/Library/Frameworks/Foundation.framework; sourceTree = SDKROOT; };
		8869942914F5B2BA00DFFA1B /* CoreGraphics.framework */ = {isa = PBXFileReference; lastKnownFileType = wrapper.framework; name = CoreGraphics.framework; path = System/Library/Frameworks/CoreGraphics.framework; sourceTree = SDKROOT; };
		8869942B14F5B2BA00DFFA1B /* CoreData.framework */ = {isa = PBXFileReference; lastKnownFileType = wrapper.framework; name = CoreData.framework; path = System/Library/Frameworks/CoreData.framework; sourceTree = SDKROOT; };
		8869942F14F5B2BA00DFFA1B /* Homework4-Info.plist */ = {isa = PBXFileReference; lastKnownFileType = text.plist.xml; path = "Homework4-Info.plist"; sourceTree = "<group>"; };
		8869943114F5B2BA00DFFA1B /* en */ = {isa = PBXFileReference; lastKnownFileType = text.plist.strings; name = en; path = en.lproj/InfoPlist.strings; sourceTree = "<group>"; };
		8869943314F5B2BA00DFFA1B /* main.m */ = {isa = PBXFileReference; lastKnownFileType = sourcecode.c.objc; path = main.m; sourceTree = "<group>"; };
		8869943514F5B2BA00DFFA1B /* Homework4-Prefix.pch */ = {isa = PBXFileReference; lastKnownFileType = sourcecode.c.h; path = "Homework4-Prefix.pch"; sourceTree = "<group>"; };
		8869943614F5B2BA00DFFA1B /* AppDelegate.h */ = {isa = PBXFileReference; lastKnownFileType = sourcecode.c.h; path = AppDelegate.h; sourceTree = "<group>"; };
		8869943714F5B2BA00DFFA1B /* AppDelegate.m */ = {isa = PBXFileReference; lastKnownFileType = sourcecode.c.objc; path = AppDelegate.m; sourceTree = "<group>"; };
		8869943A14F5B2BA00DFFA1B /* en */ = {isa = PBXFileReference; lastKnownFileType = file.storyboard; name = en; path = en.lproj/MainStoryboard_iPhone.storyboard; sourceTree = "<group>"; };
		8869943D14F5B2BA00DFFA1B /* en */ = {isa = PBXFileReference; lastKnownFileType = file.storyboard; name = en; path = en.lproj/MainStoryboard_iPad.storyboard; sourceTree = "<group>"; };
		8869944214F5B2BA00DFFA1B /* MasterViewController.h */ = {isa = PBXFileReference; lastKnownFileType = sourcecode.c.h; path = MasterViewController.h; sourceTree = "<group>"; };
		8869944314F5B2BA00DFFA1B /* MasterViewController.m */ = {isa = PBXFileReference; lastKnownFileType = sourcecode.c.objc; path = MasterViewController.m; sourceTree = "<group>"; };
		8869944514F5B2BA00DFFA1B /* DetailViewController.h */ = {isa = PBXFileReference; lastKnownFileType = sourcecode.c.h; path = DetailViewController.h; sourceTree = "<group>"; };
		8869944614F5B2BA00DFFA1B /* DetailViewController.m */ = {isa = PBXFileReference; lastKnownFileType = sourcecode.c.objc; path = DetailViewController.m; sourceTree = "<group>"; };
		8869945214F5B89400DFFA1B /* TweetViewController.h */ = {isa = PBXFileReference; fileEncoding = 4; lastKnownFileType = sourcecode.c.h; path = TweetViewController.h; sourceTree = "<group>"; };
		8869945314F5B89400DFFA1B /* TweetViewController.m */ = {isa = PBXFileReference; fileEncoding = 4; lastKnownFileType = sourcecode.c.objc; path = TweetViewController.m; sourceTree = "<group>"; };
		8869945414F5B89400DFFA1B /* TweetViewController.xib */ = {isa = PBXFileReference; fileEncoding = 4; lastKnownFileType = file.xib; path = TweetViewController.xib; sourceTree = "<group>"; };
		886994F014F7FEC000DFFA1B /* TwitterMap.xcdatamodel */ = {isa = PBXFileReference; lastKnownFileType = wrapper.xcdatamodel; path = TwitterMap.xcdatamodel; sourceTree = "<group>"; };
		886994F214F804D100DFFA1B /* HashTag.h */ = {isa = PBXFileReference; fileEncoding = 4; lastKnownFileType = sourcecode.c.h; path = HashTag.h; sourceTree = "<group>"; };
		886994F314F804D100DFFA1B /* HashTag.m */ = {isa = PBXFileReference; fileEncoding = 4; lastKnownFileType = sourcecode.c.objc; path = HashTag.m; sourceTree = "<group>"; };
		886994F514F804D100DFFA1B /* Tweet.h */ = {isa = PBXFileReference; fileEncoding = 4; lastKnownFileType = sourcecode.c.h; path = Tweet.h; sourceTree = "<group>"; };
		886994F614F804D100DFFA1B /* Tweet.m */ = {isa = PBXFileReference; fileEncoding = 4; lastKnownFileType = sourcecode.c.objc; path = Tweet.m; sourceTree = "<group>"; };
		886994F814F804D200DFFA1B /* TwitterUser.h */ = {isa = PBXFileReference; fileEncoding = 4; lastKnownFileType = sourcecode.c.h; path = TwitterUser.h; sourceTree = "<group>"; };
		886994F914F804D200DFFA1B /* TwitterUser.m */ = {isa = PBXFileReference; fileEncoding = 4; lastKnownFileType = sourcecode.c.objc; path = TwitterUser.m; sourceTree = "<group>"; };
		886994FB14F804EF00DFFA1B /* TwitterMap.sqlite */ = {isa = PBXFileReference; lastKnownFileType = file; path = TwitterMap.sqlite; sourceTree = "<group>"; };
/* End PBXFileReference section */

/* Begin PBXFrameworksBuildPhase section */
		8869941E14F5B2BA00DFFA1B /* Frameworks */ = {
			isa = PBXFrameworksBuildPhase;
			buildActionMask = 2147483647;
			files = (
				8869942614F5B2BA00DFFA1B /* UIKit.framework in Frameworks */,
				8869942814F5B2BA00DFFA1B /* Foundation.framework in Frameworks */,
				8869942A14F5B2BA00DFFA1B /* CoreGraphics.framework in Frameworks */,
				8869942C14F5B2BA00DFFA1B /* CoreData.framework in Frameworks */,
			);
			runOnlyForDeploymentPostprocessing = 0;
		};
/* End PBXFrameworksBuildPhase section */

/* Begin PBXGroup section */
		8869941614F5B2BA00DFFA1B = {
			isa = PBXGroup;
			children = (
				8869942D14F5B2BA00DFFA1B /* Homework4 */,
				8869942414F5B2BA00DFFA1B /* Frameworks */,
				8869942214F5B2BA00DFFA1B /* Products */,
			);
			sourceTree = "<group>";
		};
		8869942214F5B2BA00DFFA1B /* Products */ = {
			isa = PBXGroup;
			children = (
				8869942114F5B2BA00DFFA1B /* Homework4.app */,
			);
			name = Products;
			sourceTree = "<group>";
		};
		8869942414F5B2BA00DFFA1B /* Frameworks */ = {
			isa = PBXGroup;
			children = (
				8869942514F5B2BA00DFFA1B /* UIKit.framework */,
				8869942714F5B2BA00DFFA1B /* Foundation.framework */,
				8869942914F5B2BA00DFFA1B /* CoreGraphics.framework */,
				8869942B14F5B2BA00DFFA1B /* CoreData.framework */,
			);
			name = Frameworks;
			sourceTree = "<group>";
		};
		8869942D14F5B2BA00DFFA1B /* Homework4 */ = {
			isa = PBXGroup;
			children = (
				886994EF14F7FEC000DFFA1B /* TwitterMap.xcdatamodeld */,
				886994F814F804D200DFFA1B /* TwitterUser.h */,
				886994F914F804D200DFFA1B /* TwitterUser.m */,
				886994F514F804D100DFFA1B /* Tweet.h */,
				886994F614F804D100DFFA1B /* Tweet.m */,
				886994F214F804D100DFFA1B /* HashTag.h */,
				886994F314F804D100DFFA1B /* HashTag.m */,
				8869943614F5B2BA00DFFA1B /* AppDelegate.h */,
				8869943714F5B2BA00DFFA1B /* AppDelegate.m */,
				8869943914F5B2BA00DFFA1B /* MainStoryboard_iPhone.storyboard */,
				8869943C14F5B2BA00DFFA1B /* MainStoryboard_iPad.storyboard */,
				8869944214F5B2BA00DFFA1B /* MasterViewController.h */,
				8869944314F5B2BA00DFFA1B /* MasterViewController.m */,
				8869944514F5B2BA00DFFA1B /* DetailViewController.h */,
				8869944614F5B2BA00DFFA1B /* DetailViewController.m */,
				8869942E14F5B2BA00DFFA1B /* Supporting Files */,
				8869945214F5B89400DFFA1B /* TweetViewController.h */,
				8869945314F5B89400DFFA1B /* TweetViewController.m */,
				8869945414F5B89400DFFA1B /* TweetViewController.xib */,
			);
			path = Homework4;
			sourceTree = "<group>";
		};
		8869942E14F5B2BA00DFFA1B /* Supporting Files */ = {
			isa = PBXGroup;
			children = (
				886994FB14F804EF00DFFA1B /* TwitterMap.sqlite */,
				8869942F14F5B2BA00DFFA1B /* Homework4-Info.plist */,
				8869943014F5B2BA00DFFA1B /* InfoPlist.strings */,
				8869943314F5B2BA00DFFA1B /* main.m */,
				8869943514F5B2BA00DFFA1B /* Homework4-Prefix.pch */,
			);
			name = "Supporting Files";
			sourceTree = "<group>";
		};
/* End PBXGroup section */

/* Begin PBXNativeTarget section */
		8869942014F5B2BA00DFFA1B /* Homework4 */ = {
			isa = PBXNativeTarget;
			buildConfigurationList = 8869944A14F5B2BA00DFFA1B /* Build configuration list for PBXNativeTarget "Homework4" */;
			buildPhases = (
				8869941D14F5B2BA00DFFA1B /* Sources */,
				8869941E14F5B2BA00DFFA1B /* Frameworks */,
				8869941F14F5B2BA00DFFA1B /* Resources */,
			);
			buildRules = (
			);
			dependencies = (
			);
			name = Homework4;
			productName = Homework4;
			productReference = 8869942114F5B2BA00DFFA1B /* Homework4.app */;
			productType = "com.apple.product-type.application";
		};
/* End PBXNativeTarget section */

/* Begin PBXProject section */
		8869941814F5B2BA00DFFA1B /* Project object */ = {
			isa = PBXProject;
			attributes = {
				LastUpgradeCheck = 0420;
			};
			buildConfigurationList = 8869941B14F5B2BA00DFFA1B /* Build configuration list for PBXProject "Homework4" */;
			compatibilityVersion = "Xcode 3.2";
			developmentRegion = English;
			hasScannedForEncodings = 0;
			knownRegions = (
				en,
			);
			mainGroup = 8869941614F5B2BA00DFFA1B;
			productRefGroup = 8869942214F5B2BA00DFFA1B /* Products */;
			projectDirPath = "";
			projectRoot = "";
			targets = (
				8869942014F5B2BA00DFFA1B /* Homework4 */,
			);
		};
/* End PBXProject section */

/* Begin PBXResourcesBuildPhase section */
		8869941F14F5B2BA00DFFA1B /* Resources */ = {
			isa = PBXResourcesBuildPhase;
			buildActionMask = 2147483647;
			files = (
				8869943214F5B2BA00DFFA1B /* InfoPlist.strings in Resources */,
				8869943B14F5B2BA00DFFA1B /* MainStoryboard_iPhone.storyboard in Resources */,
				8869943E14F5B2BA00DFFA1B /* MainStoryboard_iPad.storyboard in Resources */,
				8869945614F5B89400DFFA1B /* TweetViewController.xib in Resources */,
				886994FC14F804EF00DFFA1B /* TwitterMap.sqlite in Resources */,
			);
			runOnlyForDeploymentPostprocessing = 0;
		};
/* End PBXResourcesBuildPhase section */

/* Begin PBXSourcesBuildPhase section */
		8869941D14F5B2BA00DFFA1B /* Sources */ = {
			isa = PBXSourcesBuildPhase;
			buildActionMask = 2147483647;
			files = (
				8869943414F5B2BA00DFFA1B /* main.m in Sources */,
				8869943814F5B2BA00DFFA1B /* AppDelegate.m in Sources */,
				8869944414F5B2BA00DFFA1B /* MasterViewController.m in Sources */,
				8869944714F5B2BA00DFFA1B /* DetailViewController.m in Sources */,
				8869945514F5B89400DFFA1B /* TweetViewController.m in Sources */,
				886994F114F7FEC000DFFA1B /* TwitterMap.xcdatamodeld in Sources */,
				886994F414F804D100DFFA1B /* HashTag.m in Sources */,
				886994F714F804D200DFFA1B /* Tweet.m in Sources */,
				886994FA14F804D200DFFA1B /* TwitterUser.m in Sources */,
			);
			runOnlyForDeploymentPostprocessing = 0;
		};
/* End PBXSourcesBuildPhase section */

/* Begin PBXVariantGroup section */
		8869943014F5B2BA00DFFA1B /* InfoPlist.strings */ = {
			isa = PBXVariantGroup;
			children = (
				8869943114F5B2BA00DFFA1B /* en */,
			);
			name = InfoPlist.strings;
			sourceTree = "<group>";
		};
		8869943914F5B2BA00DFFA1B /* MainStoryboard_iPhone.storyboard */ = {
			isa = PBXVariantGroup;
			children = (
				8869943A14F5B2BA00DFFA1B /* en */,
			);
			name = MainStoryboard_iPhone.storyboard;
			sourceTree = "<group>";
		};
		8869943C14F5B2BA00DFFA1B /* MainStoryboard_iPad.storyboard */ = {
			isa = PBXVariantGroup;
			children = (
				8869943D14F5B2BA00DFFA1B /* en */,
			);
			name = MainStoryboard_iPad.storyboard;
			sourceTree = "<group>";
		};
/* End PBXVariantGroup section */

/* Begin XCBuildConfiguration section */
		8869944814F5B2BA00DFFA1B /* Debug */ = {
			isa = XCBuildConfiguration;
			buildSettings = {
				ALWAYS_SEARCH_USER_PATHS = NO;
				ARCHS = "$(ARCHS_STANDARD_32_BIT)";
				CLANG_ENABLE_OBJC_ARC = YES;
				"CODE_SIGN_IDENTITY[sdk=iphoneos*]" = "iPhone Developer";
				COPY_PHASE_STRIP = NO;
				GCC_C_LANGUAGE_STANDARD = gnu99;
				GCC_DYNAMIC_NO_PIC = NO;
				GCC_OPTIMIZATION_LEVEL = 0;
				GCC_PREPROCESSOR_DEFINITIONS = (
					"DEBUG=1",
					"$(inherited)",
				);
				GCC_SYMBOLS_PRIVATE_EXTERN = NO;
				GCC_VERSION = com.apple.compilers.llvm.clang.1_0;
				GCC_WARN_ABOUT_MISSING_PROTOTYPES = YES;
				GCC_WARN_ABOUT_RETURN_TYPE = YES;
				GCC_WARN_UNUSED_VARIABLE = YES;
				IPHONEOS_DEPLOYMENT_TARGET = 5.0;
				SDKROOT = iphoneos;
				TARGETED_DEVICE_FAMILY = "1,2";
			};
			name = Debug;
		};
		8869944914F5B2BA00DFFA1B /* Release */ = {
			isa = XCBuildConfiguration;
			buildSettings = {
				ALWAYS_SEARCH_USER_PATHS = NO;
				ARCHS = "$(ARCHS_STANDARD_32_BIT)";
				CLANG_ENABLE_OBJC_ARC = YES;
				"CODE_SIGN_IDENTITY[sdk=iphoneos*]" = "iPhone Developer";
				COPY_PHASE_STRIP = YES;
				GCC_C_LANGUAGE_STANDARD = gnu99;
				GCC_VERSION = com.apple.compilers.llvm.clang.1_0;
				GCC_WARN_ABOUT_MISSING_PROTOTYPES = YES;
				GCC_WARN_ABOUT_RETURN_TYPE = YES;
				GCC_WARN_UNUSED_VARIABLE = YES;
				IPHONEOS_DEPLOYMENT_TARGET = 5.0;
				OTHER_CFLAGS = "-DNS_BLOCK_ASSERTIONS=1";
				SDKROOT = iphoneos;
				TARGETED_DEVICE_FAMILY = "1,2";
				VALIDATE_PRODUCT = YES;
			};
			name = Release;
		};
		8869944B14F5B2BA00DFFA1B /* Debug */ = {
			isa = XCBuildConfiguration;
			buildSettings = {
				GCC_PRECOMPILE_PREFIX_HEADER = YES;
				GCC_PREFIX_HEADER = "Homework4/Homework4-Prefix.pch";
				INFOPLIST_FILE = "Homework4/Homework4-Info.plist";
				PRODUCT_NAME = "$(TARGET_NAME)";
				WRAPPER_EXTENSION = app;
			};
			name = Debug;
		};
		8869944C14F5B2BA00DFFA1B /* Release */ = {
			isa = XCBuildConfiguration;
			buildSettings = {
				GCC_PRECOMPILE_PREFIX_HEADER = YES;
				GCC_PREFIX_HEADER = "Homework4/Homework4-Prefix.pch";
				INFOPLIST_FILE = "Homework4/Homework4-Info.plist";
				PRODUCT_NAME = "$(TARGET_NAME)";
				WRAPPER_EXTENSION = app;
			};
			name = Release;
		};
/* End XCBuildConfiguration section */

/* Begin XCConfigurationList section */
		8869941B14F5B2BA00DFFA1B /* Build configuration list for PBXProject "Homework4" */ = {
			isa = XCConfigurationList;
			buildConfigurations = (
				8869944814F5B2BA00DFFA1B /* Debug */,
				8869944914F5B2BA00DFFA1B /* Release */,
			);
			defaultConfigurationIsVisible = 0;
			defaultConfigurationName = Release;
		};
		8869944A14F5B2BA00DFFA1B /* Build configuration list for PBXNativeTarget "Homework4" */ = {
			isa = XCConfigurationList;
			buildConfigurations = (
				8869944B14F5B2BA00DFFA1B /* Debug */,
				8869944C14F5B2BA00DFFA1B /* Release */,
			);
			defaultConfigurationIsVisible = 0;
		};
/* End XCConfigurationList section */

/* Begin XCVersionGroup section */
		886994EF14F7FEC000DFFA1B /* TwitterMap.xcdatamodeld */ = {
			isa = XCVersionGroup;
			children = (
				886994F014F7FEC000DFFA1B /* TwitterMap.xcdatamodel */,
			);
			currentVersion = 886994F014F7FEC000DFFA1B /* TwitterMap.xcdatamodel */;
			path = TwitterMap.xcdatamodeld;
			sourceTree = "<group>";
			versionGroupType = wrapper.xcdatamodel;
		};
/* End XCVersionGroup section */
	};
	rootObject = 8869941814F5B2BA00DFFA1B /* Project object */;
}
